# THIS IS AN AUTOGENERATED FILE. DO NOT EDIT THIS FILE DIRECTLY.
# yarn lockfile v1


connect-flash@0.1.x:
  version "0.1.1"
  resolved "https://registry.yarnpkg.com/connect-flash/-/connect-flash-0.1.1.tgz#d8630f26d95a7f851f9956b1e8cc6732f3b6aa30"

express-flash@^0.0.2:
  version "0.0.2"
  resolved "https://registry.yarnpkg.com/express-flash/-/express-flash-0.0.2.tgz#23d1a8bcf3f90d707928e489f96869ecad0acda2"
  dependencies:
    connect-flash "0.1.x"
